
Microsoft Visual Studio Solution File, Format Version 12.00
# Visual Studio 15
Project("{FAE04EC0-301F-11D3-BF4B-00C04F79EFBC}") = "Assembly-CSharp", "Assembly-CSharp.csproj", "{114D5B5B-2C6D-A608-1430-A497ADB4739B}"
EndProject
Global
	GlobalSection(SolutionConfigurationPlatforms) = preSolution
		Debug|Any CPU = Debug|Any CPU
		Release|Any CPU = Release|Any CPU
	EndGlobalSection
	GlobalSection(ProjectConfigurationPlatforms) = postSolution
		{114D5B5B-2C6D-A608-1430-A497ADB4739B}.Debug|Any CPU.ActiveCfg = Debug|Any CPU
		{114D5B5B-2C6D-A608-1430-A497ADB4739B}.Debug|Any CPU.Build.0 = Debug|Any CPU
		{114D5B5B-2C6D-A608-1430-A497ADB4739B}.Release|Any CPU.ActiveCfg = Release|Any CPU
		{114D5B5B-2C6D-A608-1430-A497ADB4739B}.Release|Any CPU.Build.0 = Release|Any CPU
	EndGlobalSection
	GlobalSection(SolutionProperties) = preSolution
		HideSolutionNode = FALSE
	EndGlobalSection
EndGlobal
